# THIS IS AN AUTOGENERATED FILE. DO NOT EDIT THIS FILE DIRECTLY.
# yarn lockfile v1


nswag@^13.11.3:
  version "13.11.3"
  resolved "https://registry.yarnpkg.com/nswag/-/nswag-13.11.3.tgz#622fcc481d30ff972df7dfcd47a35fc4ae92be4c"
  integrity sha512-QKQlOm6098fqm1i2xBBq8AMKY2lbN6cFG14ZOLRNGFs23kV/QPwJdSmkT0IpweoPSTI2LH2ztFa5zTH3/l8Lgg==

typescript@^4.3.5:
  version "4.3.5"
  resolved "https://registry.nlark.com/typescript/download/typescript-4.3.5.tgz?cache=0&sync_timestamp=1625815049835&other_urls=https%3A%2F%2Fregistry.nlark.com%2Ftypescript%2Fdownload%2Ftypescript-4.3.5.tgz#4d1c37cc16e893973c45a06886b7113234f119f4"
  integrity sha1-TRw3zBbok5c8RaBohrcRMjTxGfQ=

vue-i18n@^8.20.0:
  version "8.24.5"
  resolved "https://registry.nlark.com/vue-i18n/download/vue-i18n-8.24.5.tgz?cache=0&sync_timestamp=1625591916606&other_urls=https%3A%2F%2Fregistry.nlark.com%2Fvue-i18n%2Fdownload%2Fvue-i18n-8.24.5.tgz#7127a666d5be2199be69be39e439a419a90ff931"
  integrity sha1-cSemZtW+IZm+ab455DmkGakP+TE=
